
Microsoft Visual Studio Solution File, Format Version 12.00
# Visual Studio Version 17
VisualStudioVersion = 17.14.37411.7 d17.14
MinimumVisualStudioVersion = 10.0.40219.1
Project("{888888A0-9F3D-457C-B088-3A5042F75D52}") = "KIOSK", "KIOSK\KIOSK.pyproj", "{B99EE32F-E7EA-4770-834D-CB308CEBBCEF}"
EndProject
Global
	GlobalSection(SolutionConfigurationPlatforms) = preSolution
		Debug|Any CPU = Debug|Any CPU
		Release|Any CPU = Release|Any CPU
	EndGlobalSection
	GlobalSection(ProjectConfigurationPlatforms) = postSolution
		{B99EE32F-E7EA-4770-834D-CB308CEBBCEF}.Debug|Any CPU.ActiveCfg = Debug|Any CPU
		{B99EE32F-E7EA-4770-834D-CB308CEBBCEF}.Release|Any CPU.ActiveCfg = Release|Any CPU
	EndGlobalSection
	GlobalSection(SolutionProperties) = preSolution
		HideSolutionNode = FALSE
	EndGlobalSection
	GlobalSection(ExtensibilityGlobals) = postSolution
		SolutionGuid = {09E83FF8-6D61-4B56-9636-A859617BD812}
	EndGlobalSection
EndGlobal
